// !$*UTF8*$!
{
	archiveVersion = 1;
	classes = {
	};
	objectVersion = 50;
	objects = {

/* Begin PBXBuildFile section */
		DA3F0A8E2296405D004E7E09 /* AppDelegate.swift in Sources */ = {isa = PBXBuildFile; fileRef = DA3F0A8D2296405D004E7E09 /* AppDelegate.swift */; };
		DA3F0A902296405D004E7E09 /* ViewController.swift in Sources */ = {isa = PBXBuildFile; fileRef = DA3F0A8F2296405D004E7E09 /* ViewController.swift */; };
		DA3F0A932296405D004E7E09 /* Main.storyboard in Resources */ = {isa = PBXBuildFile; fileRef = DA3F0A912296405D004E7E09 /* Main.storyboard */; };
		DA3F0A952296405D004E7E09 /* Assets.xcassets in Resources */ = {isa = PBXBuildFile; fileRef = DA3F0A942296405D004E7E09 /* Assets.xcassets */; };
		DA3F0A982296405D004E7E09 /* LaunchScreen.storyboard in Resources */ = {isa = PBXBuildFile; fileRef = DA3F0A962296405D004E7E09 /* LaunchScreen.storyboard */; };
		DA3F0AA022966EEC004E7E09 /* Solution.swift in Sources */ = {isa = PBXBuildFile; fileRef = DA3F0A9F22966EEC004E7E09 /* Solution.swift */; };
		DA405BA62332001F003FAD52 /* 10.regular-expression-matching.swift in Sources */ = {isa = PBXBuildFile; fileRef = DA405BA52332001F003FAD52 /* 10.regular-expression-matching.swift */; };
		DA405BA923321C1B003FAD52 /* 13.roman-to-integer.swift in Sources */ = {isa = PBXBuildFile; fileRef = DA405BA723321C1B003FAD52 /* 13.roman-to-integer.swift */; };
		DA405BAA23321C1B003FAD52 /* 12.integer-to-roman.swift in Sources */ = {isa = PBXBuildFile; fileRef = DA405BA823321C1B003FAD52 /* 12.integer-to-roman.swift */; };
		DA4744D82301A578007E0CB7 /* 102.binary-tree-level-order-traversal.swift in Sources */ = {isa = PBXBuildFile; fileRef = DA4744D52301A578007E0CB7 /* 102.binary-tree-level-order-traversal.swift */; };
		DA4744D92301A578007E0CB7 /* 100.same-tree.swift in Sources */ = {isa = PBXBuildFile; fileRef = DA4744D62301A578007E0CB7 /* 100.same-tree.swift */; };
		DA4744DA2301A578007E0CB7 /* 101.symmetric-tree.swift in Sources */ = {isa = PBXBuildFile; fileRef = DA4744D72301A578007E0CB7 /* 101.symmetric-tree.swift */; };
		DA4CF0FF2331CC3800F38A43 /* 8.string-to-integer-atoi.swift in Sources */ = {isa = PBXBuildFile; fileRef = DA4CF0FE2331CC3800F38A43 /* 8.string-to-integer-atoi.swift */; };
		DA623F0B22C1F55100539516 /* 155.min-stack.swift in Sources */ = {isa = PBXBuildFile; fileRef = DA623F0922C1F55100539516 /* 155.min-stack.swift */; };
		DA623F0C22C1F55100539516 /* 146.lru-cache.swift in Sources */ = {isa = PBXBuildFile; fileRef = DA623F0A22C1F55100539516 /* 146.lru-cache.swift */; };
		DA623F1322C1F61A00539516 /* 15.3-sum.swift in Sources */ = {isa = PBXBuildFile; fileRef = DA623F0F22C1F61A00539516 /* 15.3-sum.swift */; };
		DA623F1422C1F61A00539516 /* 4.median-of-two-sorted-arrays.swift in Sources */ = {isa = PBXBuildFile; fileRef = DA623F1022C1F61A00539516 /* 4.median-of-two-sorted-arrays.swift */; };
		DA623F1522C1F61A00539516 /* 16.3-sum-closest.swift in Sources */ = {isa = PBXBuildFile; fileRef = DA623F1122C1F61A00539516 /* 16.3-sum-closest.swift */; };
		DA623F1622C1F61A00539516 /* 18.4-sum.swift in Sources */ = {isa = PBXBuildFile; fileRef = DA623F1222C1F61A00539516 /* 18.4-sum.swift */; };
		DA623F1822C1F66000539516 /* 11.container-with-most-water.swift in Sources */ = {isa = PBXBuildFile; fileRef = DA623F1722C1F66000539516 /* 11.container-with-most-water.swift */; };
		DA623F1A22C1F7DD00539516 /* 26.remove-duplicates-from-sorted-array.swift in Sources */ = {isa = PBXBuildFile; fileRef = DA623F1922C1F7DD00539516 /* 26.remove-duplicates-from-sorted-array.swift */; };
		DA623F2022C1F86D00539516 /* 33.search-in-rotated-sorted-array.swift in Sources */ = {isa = PBXBuildFile; fileRef = DA623F1B22C1F86D00539516 /* 33.search-in-rotated-sorted-array.swift */; };
		DA623F2122C1F86D00539516 /* 50.pow-x-n.swift in Sources */ = {isa = PBXBuildFile; fileRef = DA623F1C22C1F86D00539516 /* 50.pow-x-n.swift */; };
		DA623F2222C1F86D00539516 /* 69.sqrt-x.swift in Sources */ = {isa = PBXBuildFile; fileRef = DA623F1D22C1F86D00539516 /* 69.sqrt-x.swift */; };
		DA623F2322C1F86D00539516 /* 29.divide-two-integers.swift in Sources */ = {isa = PBXBuildFile; fileRef = DA623F1E22C1F86D00539516 /* 29.divide-two-integers.swift */; };
		DA623F2422C1F86D00539516 /* 34.find-first-and-last-position-of-element-in-sorted-array.swift in Sources */ = {isa = PBXBuildFile; fileRef = DA623F1F22C1F86D00539516 /* 34.find-first-and-last-position-of-element-in-sorted-array.swift */; };
		DA623F2922C211AD00539516 /* 94.binary-tree-inorder-traversal.swift in Sources */ = {isa = PBXBuildFile; fileRef = DA623F2822C211AD00539516 /* 94.binary-tree-inorder-traversal.swift */; };
		DA623F2B22C214F000539516 /* 95.unique-binary-search-trees-ii.swift in Sources */ = {isa = PBXBuildFile; fileRef = DA623F2A22C214F000539516 /* 95.unique-binary-search-trees-ii.swift */; };
		DA623F2D22C215AF00539516 /* 96.unique-binary-search-trees.swift in Sources */ = {isa = PBXBuildFile; fileRef = DA623F2C22C215AF00539516 /* 96.unique-binary-search-trees.swift */; };
		DA623F2F22C221E600539516 /* TreeNode.swift in Sources */ = {isa = PBXBuildFile; fileRef = DA623F2E22C221E600539516 /* TreeNode.swift */; };
		DA623F3122C32DC400539516 /* 98.validate-binary-search-tree.swift in Sources */ = {isa = PBXBuildFile; fileRef = DA623F3022C32DC400539516 /* 98.validate-binary-search-tree.swift */; };
		DAE0110022C4CEEE00A3FEB2 /* 99.recover-binary-search-tree.swift in Sources */ = {isa = PBXBuildFile; fileRef = DAE010FF22C4CEEE00A3FEB2 /* 99.recover-binary-search-tree.swift */; };
		DAF23B3C232F8378000747D2 /* 3.longest-substring-without-repeating-characters.swift in Sources */ = {isa = PBXBuildFile; fileRef = DAF23B3B232F8378000747D2 /* 3.longest-substring-without-repeating-characters.swift */; };
		DAF23B3E232F8AC8000747D2 /* 5.longest-palindromic-substring.swift in Sources */ = {isa = PBXBuildFile; fileRef = DAF23B3D232F8AC8000747D2 /* 5.longest-palindromic-substring.swift */; };
		DAF23B4023308BA5000747D2 /* 6.zig-zag-conversion.swift in Sources */ = {isa = PBXBuildFile; fileRef = DAF23B3F23308BA4000747D2 /* 6.zig-zag-conversion.swift */; };
/* End PBXBuildFile section */

/* Begin PBXFileReference section */
		DA3F0A8A2296405D004E7E09 /* LeetCode.app */ = {isa = PBXFileReference; explicitFileType = wrapper.application; includeInIndex = 0; path = LeetCode.app; sourceTree = BUILT_PRODUCTS_DIR; };
		DA3F0A8D2296405D004E7E09 /* AppDelegate.swift */ = {isa = PBXFileReference; lastKnownFileType = sourcecode.swift; path = AppDelegate.swift; sourceTree = "<group>"; };
		DA3F0A8F2296405D004E7E09 /* ViewController.swift */ = {isa = PBXFileReference; lastKnownFileType = sourcecode.swift; path = ViewController.swift; sourceTree = "<group>"; };
		DA3F0A922296405D004E7E09 /* Base */ = {isa = PBXFileReference; lastKnownFileType = file.storyboard; name = Base; path = Base.lproj/Main.storyboard; sourceTree = "<group>"; };
		DA3F0A942296405D004E7E09 /* Assets.xcassets */ = {isa = PBXFileReference; lastKnownFileType = folder.assetcatalog; path = Assets.xcassets; sourceTree = "<group>"; };
		DA3F0A972296405D004E7E09 /* Base */ = {isa = PBXFileReference; lastKnownFileType = file.storyboard; name = Base; path = Base.lproj/LaunchScreen.storyboard; sourceTree = "<group>"; };
		DA3F0A992296405D004E7E09 /* Info.plist */ = {isa = PBXFileReference; lastKnownFileType = text.plist.xml; path = Info.plist; sourceTree = "<group>"; };
		DA3F0A9F22966EEC004E7E09 /* Solution.swift */ = {isa = PBXFileReference; lastKnownFileType = sourcecode.swift; path = Solution.swift; sourceTree = "<group>"; };
		DA405BA52332001F003FAD52 /* 10.regular-expression-matching.swift */ = {isa = PBXFileReference; fileEncoding = 4; lastKnownFileType = sourcecode.swift; path = "10.regular-expression-matching.swift"; sourceTree = SOURCE_ROOT; };
		DA405BA723321C1B003FAD52 /* 13.roman-to-integer.swift */ = {isa = PBXFileReference; fileEncoding = 4; lastKnownFileType = sourcecode.swift; path = "13.roman-to-integer.swift"; sourceTree = SOURCE_ROOT; };
		DA405BA823321C1B003FAD52 /* 12.integer-to-roman.swift */ = {isa = PBXFileReference; fileEncoding = 4; lastKnownFileType = sourcecode.swift; path = "12.integer-to-roman.swift"; sourceTree = SOURCE_ROOT; };
		DA4744D52301A578007E0CB7 /* 102.binary-tree-level-order-traversal.swift */ = {isa = PBXFileReference; fileEncoding = 4; lastKnownFileType = sourcecode.swift; path = "102.binary-tree-level-order-traversal.swift"; sourceTree = SOURCE_ROOT; };
		DA4744D62301A578007E0CB7 /* 100.same-tree.swift */ = {isa = PBXFileReference; fileEncoding = 4; lastKnownFileType = sourcecode.swift; path = "100.same-tree.swift"; sourceTree = SOURCE_ROOT; };
		DA4744D72301A578007E0CB7 /* 101.symmetric-tree.swift */ = {isa = PBXFileReference; fileEncoding = 4; lastKnownFileType = sourcecode.swift; path = "101.symmetric-tree.swift"; sourceTree = SOURCE_ROOT; };
		DA4CF0FE2331CC3800F38A43 /* 8.string-to-integer-atoi.swift */ = {isa = PBXFileReference; fileEncoding = 4; lastKnownFileType = sourcecode.swift; path = "8.string-to-integer-atoi.swift"; sourceTree = SOURCE_ROOT; };
		DA623F0922C1F55100539516 /* 155.min-stack.swift */ = {isa = PBXFileReference; fileEncoding = 4; lastKnownFileType = sourcecode.swift; path = "155.min-stack.swift"; sourceTree = SOURCE_ROOT; };
		DA623F0A22C1F55100539516 /* 146.lru-cache.swift */ = {isa = PBXFileReference; fileEncoding = 4; lastKnownFileType = sourcecode.swift; path = "146.lru-cache.swift"; sourceTree = SOURCE_ROOT; };
		DA623F0F22C1F61A00539516 /* 15.3-sum.swift */ = {isa = PBXFileReference; fileEncoding = 4; lastKnownFileType = sourcecode.swift; path = "15.3-sum.swift"; sourceTree = SOURCE_ROOT; };
		DA623F1022C1F61A00539516 /* 4.median-of-two-sorted-arrays.swift */ = {isa = PBXFileReference; fileEncoding = 4; lastKnownFileType = sourcecode.swift; path = "4.median-of-two-sorted-arrays.swift"; sourceTree = SOURCE_ROOT; };
		DA623F1122C1F61A00539516 /* 16.3-sum-closest.swift */ = {isa = PBXFileReference; fileEncoding = 4; lastKnownFileType = sourcecode.swift; path = "16.3-sum-closest.swift"; sourceTree = SOURCE_ROOT; };
		DA623F1222C1F61A00539516 /* 18.4-sum.swift */ = {isa = PBXFileReference; fileEncoding = 4; lastKnownFileType = sourcecode.swift; path = "18.4-sum.swift"; sourceTree = SOURCE_ROOT; };
		DA623F1722C1F66000539516 /* 11.container-with-most-water.swift */ = {isa = PBXFileReference; fileEncoding = 4; lastKnownFileType = sourcecode.swift; path = "11.container-with-most-water.swift"; sourceTree = SOURCE_ROOT; };
		DA623F1922C1F7DD00539516 /* 26.remove-duplicates-from-sorted-array.swift */ = {isa = PBXFileReference; fileEncoding = 4; lastKnownFileType = sourcecode.swift; path = "26.remove-duplicates-from-sorted-array.swift"; sourceTree = SOURCE_ROOT; };
		DA623F1B22C1F86D00539516 /* 33.search-in-rotated-sorted-array.swift */ = {isa = PBXFileReference; fileEncoding = 4; lastKnownFileType = sourcecode.swift; path = "33.search-in-rotated-sorted-array.swift"; sourceTree = SOURCE_ROOT; };
		DA623F1C22C1F86D00539516 /* 50.pow-x-n.swift */ = {isa = PBXFileReference; fileEncoding = 4; lastKnownFileType = sourcecode.swift; path = "50.pow-x-n.swift"; sourceTree = SOURCE_ROOT; };
		DA623F1D22C1F86D00539516 /* 69.sqrt-x.swift */ = {isa = PBXFileReference; fileEncoding = 4; lastKnownFileType = sourcecode.swift; path = "69.sqrt-x.swift"; sourceTree = SOURCE_ROOT; };
		DA623F1E22C1F86D00539516 /* 29.divide-two-integers.swift */ = {isa = PBXFileReference; fileEncoding = 4; lastKnownFileType = sourcecode.swift; path = "29.divide-two-integers.swift"; sourceTree = SOURCE_ROOT; };
		DA623F1F22C1F86D00539516 /* 34.find-first-and-last-position-of-element-in-sorted-array.swift */ = {isa = PBXFileReference; fileEncoding = 4; lastKnownFileType = sourcecode.swift; path = "34.find-first-and-last-position-of-element-in-sorted-array.swift"; sourceTree = SOURCE_ROOT; };
		DA623F2822C211AD00539516 /* 94.binary-tree-inorder-traversal.swift */ = {isa = PBXFileReference; fileEncoding = 4; lastKnownFileType = sourcecode.swift; path = "94.binary-tree-inorder-traversal.swift"; sourceTree = SOURCE_ROOT; };
		DA623F2A22C214F000539516 /* 95.unique-binary-search-trees-ii.swift */ = {isa = PBXFileReference; fileEncoding = 4; lastKnownFileType = sourcecode.swift; path = "95.unique-binary-search-trees-ii.swift"; sourceTree = SOURCE_ROOT; };
		DA623F2C22C215AF00539516 /* 96.unique-binary-search-trees.swift */ = {isa = PBXFileReference; fileEncoding = 4; lastKnownFileType = sourcecode.swift; path = "96.unique-binary-search-trees.swift"; sourceTree = SOURCE_ROOT; };
		DA623F2E22C221E600539516 /* TreeNode.swift */ = {isa = PBXFileReference; lastKnownFileType = sourcecode.swift; path = TreeNode.swift; sourceTree = "<group>"; };
		DA623F3022C32DC400539516 /* 98.validate-binary-search-tree.swift */ = {isa = PBXFileReference; fileEncoding = 4; lastKnownFileType = sourcecode.swift; path = "98.validate-binary-search-tree.swift"; sourceTree = SOURCE_ROOT; };
		DAE010FF22C4CEEE00A3FEB2 /* 99.recover-binary-search-tree.swift */ = {isa = PBXFileReference; fileEncoding = 4; lastKnownFileType = sourcecode.swift; path = "99.recover-binary-search-tree.swift"; sourceTree = SOURCE_ROOT; };
		DAF23B3B232F8378000747D2 /* 3.longest-substring-without-repeating-characters.swift */ = {isa = PBXFileReference; fileEncoding = 4; lastKnownFileType = sourcecode.swift; path = "3.longest-substring-without-repeating-characters.swift"; sourceTree = SOURCE_ROOT; };
		DAF23B3D232F8AC8000747D2 /* 5.longest-palindromic-substring.swift */ = {isa = PBXFileReference; fileEncoding = 4; lastKnownFileType = sourcecode.swift; path = "5.longest-palindromic-substring.swift"; sourceTree = SOURCE_ROOT; };
		DAF23B3F23308BA4000747D2 /* 6.zig-zag-conversion.swift */ = {isa = PBXFileReference; fileEncoding = 4; lastKnownFileType = sourcecode.swift; path = "6.zig-zag-conversion.swift"; sourceTree = SOURCE_ROOT; };
/* End PBXFileReference section */

/* Begin PBXFrameworksBuildPhase section */
		DA3F0A872296405D004E7E09 /* Frameworks */ = {
			isa = PBXFrameworksBuildPhase;
			buildActionMask = 2147483647;
			files = (
			);
			runOnlyForDeploymentPostprocessing = 0;
		};
/* End PBXFrameworksBuildPhase section */

/* Begin PBXGroup section */
		DA3F0A812296405D004E7E09 = {
			isa = PBXGroup;
			children = (
				DA3F0A8C2296405D004E7E09 /* LeetCode */,
				DA3F0A8B2296405D004E7E09 /* Products */,
			);
			sourceTree = "<group>";
		};
		DA3F0A8B2296405D004E7E09 /* Products */ = {
			isa = PBXGroup;
			children = (
				DA3F0A8A2296405D004E7E09 /* LeetCode.app */,
			);
			name = Products;
			sourceTree = "<group>";
		};
		DA3F0A8C2296405D004E7E09 /* LeetCode */ = {
			isa = PBXGroup;
			children = (
				DAF23B3A232F836B000747D2 /* String */,
				DA623F2722C2119B00539516 /* Tree */,
				DA623F0E22C1F5F700539516 /* Array */,
				DA623F0D22C1F5A400539516 /* Binary Search */,
				DA623F0822C1F53E00539516 /* Design */,
				DA3F0A8D2296405D004E7E09 /* AppDelegate.swift */,
				DA3F0A8F2296405D004E7E09 /* ViewController.swift */,
				DA3F0A912296405D004E7E09 /* Main.storyboard */,
				DA3F0A942296405D004E7E09 /* Assets.xcassets */,
				DA3F0A962296405D004E7E09 /* LaunchScreen.storyboard */,
				DA3F0A992296405D004E7E09 /* Info.plist */,
				DA3F0A9F22966EEC004E7E09 /* Solution.swift */,
			);
			path = LeetCode;
			sourceTree = "<group>";
		};
		DA623F0822C1F53E00539516 /* Design */ = {
			isa = PBXGroup;
			children = (
				DA623F0A22C1F55100539516 /* 146.lru-cache.swift */,
				DA623F0922C1F55100539516 /* 155.min-stack.swift */,
			);
			name = Design;
			sourceTree = "<group>";
		};
		DA623F0D22C1F5A400539516 /* Binary Search */ = {
			isa = PBXGroup;
			children = (
				DA623F1E22C1F86D00539516 /* 29.divide-two-integers.swift */,
				DA623F1B22C1F86D00539516 /* 33.search-in-rotated-sorted-array.swift */,
				DA623F1F22C1F86D00539516 /* 34.find-first-and-last-position-of-element-in-sorted-array.swift */,
				DA623F1C22C1F86D00539516 /* 50.pow-x-n.swift */,
				DA623F1D22C1F86D00539516 /* 69.sqrt-x.swift */,
			);
			name = "Binary Search";
			sourceTree = "<group>";
		};
		DA623F0E22C1F5F700539516 /* Array */ = {
			isa = PBXGroup;
			children = (
				DA623F1922C1F7DD00539516 /* 26.remove-duplicates-from-sorted-array.swift */,
				DA623F1722C1F66000539516 /* 11.container-with-most-water.swift */,
				DA623F1022C1F61A00539516 /* 4.median-of-two-sorted-arrays.swift */,
				DA623F0F22C1F61A00539516 /* 15.3-sum.swift */,
				DA623F1122C1F61A00539516 /* 16.3-sum-closest.swift */,
				DA623F1222C1F61A00539516 /* 18.4-sum.swift */,
			);
			name = Array;
			sourceTree = "<group>";
		};
		DA623F2722C2119B00539516 /* Tree */ = {
			isa = PBXGroup;
			children = (
				DA4744D62301A578007E0CB7 /* 100.same-tree.swift */,
				DA4744D72301A578007E0CB7 /* 101.symmetric-tree.swift */,
				DA4744D52301A578007E0CB7 /* 102.binary-tree-level-order-traversal.swift */,
				DAE010FF22C4CEEE00A3FEB2 /* 99.recover-binary-search-tree.swift */,
				DA623F3022C32DC400539516 /* 98.validate-binary-search-tree.swift */,
				DA623F2C22C215AF00539516 /* 96.unique-binary-search-trees.swift */,
				DA623F2A22C214F000539516 /* 95.unique-binary-search-trees-ii.swift */,
				DA623F2822C211AD00539516 /* 94.binary-tree-inorder-traversal.swift */,
				DA623F2E22C221E600539516 /* TreeNode.swift */,
			);
			name = Tree;
			sourceTree = "<group>";
		};
		DAF23B3A232F836B000747D2 /* String */ = {
			isa = PBXGroup;
			children = (
				DA405BA723321C1B003FAD52 /* 13.roman-to-integer.swift */,
				DA405BA823321C1B003FAD52 /* 12.integer-to-roman.swift */,
				DA405BA52332001F003FAD52 /* 10.regular-expression-matching.swift */,
				DA4CF0FE2331CC3800F38A43 /* 8.string-to-integer-atoi.swift */,
				DAF23B3F23308BA4000747D2 /* 6.zig-zag-conversion.swift */,
				DAF23B3D232F8AC8000747D2 /* 5.longest-palindromic-substring.swift */,
				DAF23B3B232F8378000747D2 /* 3.longest-substring-without-repeating-characters.swift */,
			);
			name = String;
			sourceTree = "<group>";
		};
/* End PBXGroup section */

/* Begin PBXNativeTarget section */
		DA3F0A892296405D004E7E09 /* LeetCode */ = {
			isa = PBXNativeTarget;
			buildConfigurationList = DA3F0A9C2296405D004E7E09 /* Build configuration list for PBXNativeTarget "LeetCode" */;
			buildPhases = (
				DA3F0A862296405D004E7E09 /* Sources */,
				DA3F0A872296405D004E7E09 /* Frameworks */,
				DA3F0A882296405D004E7E09 /* Resources */,
			);
			buildRules = (
			);
			dependencies = (
			);
			name = LeetCode;
			productName = LeetCode;
			productReference = DA3F0A8A2296405D004E7E09 /* LeetCode.app */;
			productType = "com.apple.product-type.application";
		};
/* End PBXNativeTarget section */

/* Begin PBXProject section */
		DA3F0A822296405D004E7E09 /* Project object */ = {
			isa = PBXProject;
			attributes = {
				LastSwiftUpdateCheck = 1020;
				LastUpgradeCheck = 1020;
				ORGANIZATIONNAME = "Qingpu Shi";
				TargetAttributes = {
					DA3F0A892296405D004E7E09 = {
						CreatedOnToolsVersion = 10.2.1;
					};
				};
			};
			buildConfigurationList = DA3F0A852296405D004E7E09 /* Build configuration list for PBXProject "LeetCode" */;
			compatibilityVersion = "Xcode 9.3";
			developmentRegion = en;
			hasScannedForEncodings = 0;
			knownRegions = (
				en,
				Base,
			);
			mainGroup = DA3F0A812296405D004E7E09;
			productRefGroup = DA3F0A8B2296405D004E7E09 /* Products */;
			projectDirPath = "";
			projectRoot = "";
			targets = (
				DA3F0A892296405D004E7E09 /* LeetCode */,
			);
		};
/* End PBXProject section */

/* Begin PBXResourcesBuildPhase section */
		DA3F0A882296405D004E7E09 /* Resources */ = {
			isa = PBXResourcesBuildPhase;
			buildActionMask = 2147483647;
			files = (
				DA3F0A982296405D004E7E09 /* LaunchScreen.storyboard in Resources */,
				DA3F0A952296405D004E7E09 /* Assets.xcassets in Resources */,
				DA3F0A932296405D004E7E09 /* Main.storyboard in Resources */,
			);
			runOnlyForDeploymentPostprocessing = 0;
		};
/* End PBXResourcesBuildPhase section */

/* Begin PBXSourcesBuildPhase section */
		DA3F0A862296405D004E7E09 /* Sources */ = {
			isa = PBXSourcesBuildPhase;
			buildActionMask = 2147483647;
			files = (
				DA4744D92301A578007E0CB7 /* 100.same-tree.swift in Sources */,
				DA623F2422C1F86D00539516 /* 34.find-first-and-last-position-of-element-in-sorted-array.swift in Sources */,
				DAF23B3C232F8378000747D2 /* 3.longest-substring-without-repeating-characters.swift in Sources */,
				DA623F2D22C215AF00539516 /* 96.unique-binary-search-trees.swift in Sources */,
				DA405BA923321C1B003FAD52 /* 13.roman-to-integer.swift in Sources */,
				DA623F1322C1F61A00539516 /* 15.3-sum.swift in Sources */,
				DA623F2F22C221E600539516 /* TreeNode.swift in Sources */,
				DA623F0C22C1F55100539516 /* 146.lru-cache.swift in Sources */,
				DA623F3122C32DC400539516 /* 98.validate-binary-search-tree.swift in Sources */,
				DA623F2022C1F86D00539516 /* 33.search-in-rotated-sorted-array.swift in Sources */,
				DA3F0AA022966EEC004E7E09 /* Solution.swift in Sources */,
				DA623F2222C1F86D00539516 /* 69.sqrt-x.swift in Sources */,
				DA623F2922C211AD00539516 /* 94.binary-tree-inorder-traversal.swift in Sources */,
				DA405BAA23321C1B003FAD52 /* 12.integer-to-roman.swift in Sources */,
				DAE0110022C4CEEE00A3FEB2 /* 99.recover-binary-search-tree.swift in Sources */,
				DA623F1622C1F61A00539516 /* 18.4-sum.swift in Sources */,
				DA4744DA2301A578007E0CB7 /* 101.symmetric-tree.swift in Sources */,
				DA4CF0FF2331CC3800F38A43 /* 8.string-to-integer-atoi.swift in Sources */,
				DA623F2122C1F86D00539516 /* 50.pow-x-n.swift in Sources */,
				DAF23B3E232F8AC8000747D2 /* 5.longest-palindromic-substring.swift in Sources */,
				DA623F1A22C1F7DD00539516 /* 26.remove-duplicates-from-sorted-array.swift in Sources */,
				DA623F2322C1F86D00539516 /* 29.divide-two-integers.swift in Sources */,
				DA3F0A902296405D004E7E09 /* ViewController.swift in Sources */,
				DA623F2B22C214F000539516 /* 95.unique-binary-search-trees-ii.swift in Sources */,
				DAF23B4023308BA5000747D2 /* 6.zig-zag-conversion.swift in Sources */,
				DA623F1822C1F66000539516 /* 11.container-with-most-water.swift in Sources */,
				DA623F1422C1F61A00539516 /* 4.median-of-two-sorted-arrays.swift in Sources */,
				DA4744D82301A578007E0CB7 /* 102.binary-tree-level-order-traversal.swift in Sources */,
				DA623F1522C1F61A00539516 /* 16.3-sum-closest.swift in Sources */,
				DA3F0A8E2296405D004E7E09 /* AppDelegate.swift in Sources */,
				DA623F0B22C1F55100539516 /* 155.min-stack.swift in Sources */,
				DA405BA62332001F003FAD52 /* 10.regular-expression-matching.swift in Sources */,
			);
			runOnlyForDeploymentPostprocessing = 0;
		};
/* End PBXSourcesBuildPhase section */

/* Begin PBXVariantGroup section */
		DA3F0A912296405D004E7E09 /* Main.storyboard */ = {
			isa = PBXVariantGroup;
			children = (
				DA3F0A922296405D004E7E09 /* Base */,
			);
			name = Main.storyboard;
			sourceTree = "<group>";
		};
		DA3F0A962296405D004E7E09 /* LaunchScreen.storyboard */ = {
			isa = PBXVariantGroup;
			children = (
				DA3F0A972296405D004E7E09 /* Base */,
			);
			name = LaunchScreen.storyboard;
			sourceTree = "<group>";
		};
/* End PBXVariantGroup section */

/* Begin XCBuildConfiguration section */
		DA3F0A9A2296405D004E7E09 /* Debug */ = {
			isa = XCBuildConfiguration;
			buildSettings = {
				ALWAYS_SEARCH_USER_PATHS = NO;
				CLANG_ANALYZER_NONNULL = YES;
				CLANG_ANALYZER_NUMBER_OBJECT_CONVERSION = YES_AGGRESSIVE;
				CLANG_CXX_LANGUAGE_STANDARD = "gnu++14";
				CLANG_CXX_LIBRARY = "libc++";
				CLANG_ENABLE_MODULES = YES;
				CLANG_ENABLE_OBJC_ARC = YES;
				CLANG_ENABLE_OBJC_WEAK = YES;
				CLANG_WARN_BLOCK_CAPTURE_AUTORELEASING = YES;
				CLANG_WARN_BOOL_CONVERSION = YES;
				CLANG_WARN_COMMA = YES;
				CLANG_WARN_CONSTANT_CONVERSION = YES;
				CLANG_WARN_DEPRECATED_OBJC_IMPLEMENTATIONS = YES;
				CLANG_WARN_DIRECT_OBJC_ISA_USAGE = YES_ERROR;
				CLANG_WARN_DOCUMENTATION_COMMENTS = YES;
				CLANG_WARN_EMPTY_BODY = YES;
				CLANG_WARN_ENUM_CONVERSION = YES;
				CLANG_WARN_INFINITE_RECURSION = YES;
				CLANG_WARN_INT_CONVERSION = YES;
				CLANG_WARN_NON_LITERAL_NULL_CONVERSION = YES;
				CLANG_WARN_OBJC_IMPLICIT_RETAIN_SELF = YES;
				CLANG_WARN_OBJC_LITERAL_CONVERSION = YES;
				CLANG_WARN_OBJC_ROOT_CLASS = YES_ERROR;
				CLANG_WARN_RANGE_LOOP_ANALYSIS = YES;
				CLANG_WARN_STRICT_PROTOTYPES = YES;
				CLANG_WARN_SUSPICIOUS_MOVE = YES;
				CLANG_WARN_UNGUARDED_AVAILABILITY = YES_AGGRESSIVE;
				CLANG_WARN_UNREACHABLE_CODE = YES;
				CLANG_WARN__DUPLICATE_METHOD_MATCH = YES;
				CODE_SIGN_IDENTITY = "iPhone Developer";
				COPY_PHASE_STRIP = NO;
				DEBUG_INFORMATION_FORMAT = dwarf;
				ENABLE_STRICT_OBJC_MSGSEND = YES;
				ENABLE_TESTABILITY = YES;
				GCC_C_LANGUAGE_STANDARD = gnu11;
				GCC_DYNAMIC_NO_PIC = NO;
				GCC_NO_COMMON_BLOCKS = YES;
				GCC_OPTIMIZATION_LEVEL = 0;
				GCC_PREPROCESSOR_DEFINITIONS = (
					"DEBUG=1",
					"$(inherited)",
				);
				GCC_WARN_64_TO_32_BIT_CONVERSION = YES;
				GCC_WARN_ABOUT_RETURN_TYPE = YES_ERROR;
				GCC_WARN_UNDECLARED_SELECTOR = YES;
				GCC_WARN_UNINITIALIZED_AUTOS = YES_AGGRESSIVE;
				GCC_WARN_UNUSED_FUNCTION = YES;
				GCC_WARN_UNUSED_VARIABLE = YES;
				IPHONEOS_DEPLOYMENT_TARGET = 12.2;
				MTL_ENABLE_DEBUG_INFO = INCLUDE_SOURCE;
				MTL_FAST_MATH = YES;
				ONLY_ACTIVE_ARCH = YES;
				SDKROOT = iphoneos;
				SWIFT_ACTIVE_COMPILATION_CONDITIONS = DEBUG;
				SWIFT_OPTIMIZATION_LEVEL = "-Onone";
			};
			name = Debug;
		};
		DA3F0A9B2296405D004E7E09 /* Release */ = {
			isa = XCBuildConfiguration;
			buildSettings = {
				ALWAYS_SEARCH_USER_PATHS = NO;
				CLANG_ANALYZER_NONNULL = YES;
				CLANG_ANALYZER_NUMBER_OBJECT_CONVERSION = YES_AGGRESSIVE;
				CLANG_CXX_LANGUAGE_STANDARD = "gnu++14";
				CLANG_CXX_LIBRARY = "libc++";
				CLANG_ENABLE_MODULES = YES;
				CLANG_ENABLE_OBJC_ARC = YES;
				CLANG_ENABLE_OBJC_WEAK = YES;
				CLANG_WARN_BLOCK_CAPTURE_AUTORELEASING = YES;
				CLANG_WARN_BOOL_CONVERSION = YES;
				CLANG_WARN_COMMA = YES;
				CLANG_WARN_CONSTANT_CONVERSION = YES;
				CLANG_WARN_DEPRECATED_OBJC_IMPLEMENTATIONS = YES;
				CLANG_WARN_DIRECT_OBJC_ISA_USAGE = YES_ERROR;
				CLANG_WARN_DOCUMENTATION_COMMENTS = YES;
				CLANG_WARN_EMPTY_BODY = YES;
				CLANG_WARN_ENUM_CONVERSION = YES;
				CLANG_WARN_INFINITE_RECURSION = YES;
				CLANG_WARN_INT_CONVERSION = YES;
				CLANG_WARN_NON_LITERAL_NULL_CONVERSION = YES;
				CLANG_WARN_OBJC_IMPLICIT_RETAIN_SELF = YES;
				CLANG_WARN_OBJC_LITERAL_CONVERSION = YES;
				CLANG_WARN_OBJC_ROOT_CLASS = YES_ERROR;
				CLANG_WARN_RANGE_LOOP_ANALYSIS = YES;
				CLANG_WARN_STRICT_PROTOTYPES = YES;
				CLANG_WARN_SUSPICIOUS_MOVE = YES;
				CLANG_WARN_UNGUARDED_AVAILABILITY = YES_AGGRESSIVE;
				CLANG_WARN_UNREACHABLE_CODE = YES;
				CLANG_WARN__DUPLICATE_METHOD_MATCH = YES;
				CODE_SIGN_IDENTITY = "iPhone Developer";
				COPY_PHASE_STRIP = NO;
				DEBUG_INFORMATION_FORMAT = "dwarf-with-dsym";
				ENABLE_NS_ASSERTIONS = NO;
				ENABLE_STRICT_OBJC_MSGSEND = YES;
				GCC_C_LANGUAGE_STANDARD = gnu11;
				GCC_NO_COMMON_BLOCKS = YES;
				GCC_WARN_64_TO_32_BIT_CONVERSION = YES;
				GCC_WARN_ABOUT_RETURN_TYPE = YES_ERROR;
				GCC_WARN_UNDECLARED_SELECTOR = YES;
				GCC_WARN_UNINITIALIZED_AUTOS = YES_AGGRESSIVE;
				GCC_WARN_UNUSED_FUNCTION = YES;
				GCC_WARN_UNUSED_VARIABLE = YES;
				IPHONEOS_DEPLOYMENT_TARGET = 12.2;
				MTL_ENABLE_DEBUG_INFO = NO;
				MTL_FAST_MATH = YES;
				SDKROOT = iphoneos;
				SWIFT_COMPILATION_MODE = wholemodule;
				SWIFT_OPTIMIZATION_LEVEL = "-O";
				VALIDATE_PRODUCT = YES;
			};
			name = Release;
		};
		DA3F0A9D2296405D004E7E09 /* Debug */ = {
			isa = XCBuildConfiguration;
			buildSettings = {
				ASSETCATALOG_COMPILER_APPICON_NAME = AppIcon;
				CODE_SIGN_STYLE = Automatic;
				DEVELOPMENT_TEAM = U79NW52RFJ;
				INFOPLIST_FILE = LeetCode/Info.plist;
				LD_RUNPATH_SEARCH_PATHS = (
					"$(inherited)",
					"@executable_path/Frameworks",
				);
				PRODUCT_BUNDLE_IDENTIFIER = com.qish.LeetCode;
				PRODUCT_NAME = "$(TARGET_NAME)";
				SWIFT_VERSION = 5.0;
				TARGETED_DEVICE_FAMILY = "1,2";
			};
			name = Debug;
		};
		DA3F0A9E2296405D004E7E09 /* Release */ = {
			isa = XCBuildConfiguration;
			buildSettings = {
				ASSETCATALOG_COMPILER_APPICON_NAME = AppIcon;
				CODE_SIGN_STYLE = Automatic;
				DEVELOPMENT_TEAM = U79NW52RFJ;
				INFOPLIST_FILE = LeetCode/Info.plist;
				LD_RUNPATH_SEARCH_PATHS = (
					"$(inherited)",
					"@executable_path/Frameworks",
				);
				PRODUCT_BUNDLE_IDENTIFIER = com.qish.LeetCode;
				PRODUCT_NAME = "$(TARGET_NAME)";
				SWIFT_VERSION = 5.0;
				TARGETED_DEVICE_FAMILY = "1,2";
			};
			name = Release;
		};
/* End XCBuildConfiguration section */

/* Begin XCConfigurationList section */
		DA3F0A852296405D004E7E09 /* Build configuration list for PBXProject "LeetCode" */ = {
			isa = XCConfigurationList;
			buildConfigurations = (
				DA3F0A9A2296405D004E7E09 /* Debug */,
				DA3F0A9B2296405D004E7E09 /* Release */,
			);
			defaultConfigurationIsVisible = 0;
			defaultConfigurationName = Release;
		};
		DA3F0A9C2296405D004E7E09 /* Build configuration list for PBXNativeTarget "LeetCode" */ = {
			isa = XCConfigurationList;
			buildConfigurations = (
				DA3F0A9D2296405D004E7E09 /* Debug */,
				DA3F0A9E2296405D004E7E09 /* Release */,
			);
			defaultConfigurationIsVisible = 0;
			defaultConfigurationName = Release;
		};
/* End XCConfigurationList section */
	};
	rootObject = DA3F0A822296405D004E7E09 /* Project object */;
}
